
Microsoft Visual Studio Solution File, Format Version 12.00
# Visual Studio Version 17
VisualStudioVersion = 17.5.33414.496
MinimumVisualStudioVersion = 10.0.40219.1
Project("{FAE04EC0-301F-11D3-BF4B-00C04F79EFBC}") = "Vereinsverwaltung", "Vereinsverwaltung\Vereinsverwaltung.csproj", "{2A032DAF-55C8-46F9-BE60-2938B7D6DD78}"
EndProject
Global
	GlobalSection(SolutionConfigurationPlatforms) = preSolution
		Debug|Any CPU = Debug|Any CPU
		Release|Any CPU = Release|Any CPU
	EndGlobalSection
	GlobalSection(ProjectConfigurationPlatforms) = postSolution
		{2A032DAF-55C8-46F9-BE60-2938B7D6DD78}.Debug|Any CPU.ActiveCfg = Debug|Any CPU
		{2A032DAF-55C8-46F9-BE60-2938B7D6DD78}.Debug|Any CPU.Build.0 = Debug|Any CPU
		{2A032DAF-55C8-46F9-BE60-2938B7D6DD78}.Release|Any CPU.ActiveCfg = Release|Any CPU
		{2A032DAF-55C8-46F9-BE60-2938B7D6DD78}.Release|Any CPU.Build.0 = Release|Any CPU
	EndGlobalSection
	GlobalSection(SolutionProperties) = preSolution
		HideSolutionNode = FALSE
	EndGlobalSection
	GlobalSection(ExtensibilityGlobals) = postSolution
		SolutionGuid = {1B76AB58-5BAF-40F2-B1E6-AB15DB91F179}
	EndGlobalSection
EndGlobal
